// !$*UTF8*$!
{
	archiveVersion = 1;
	classes = {
	};
	objectVersion = 56;
	objects = {

/* Begin PBXBuildFile section */
		26B1F7B92B04087B007BE3D4 /* PeerDevice.swift in Sources */ = {isa = PBXBuildFile; fileRef = 26B1F7B82B04087B007BE3D4 /* PeerDevice.swift */; };
		26B1F7BB2B04099E007BE3D4 /* HostView.swift in Sources */ = {isa = PBXBuildFile; fileRef = 26B1F7BA2B04099E007BE3D4 /* HostView.swift */; };
		2F79C1EA2B03F42500C6AD99 /* Multipeer_PegaPegaApp.swift in Sources */ = {isa = PBXBuildFile; fileRef = 2F79C1E92B03F42500C6AD99 /* Multipeer_PegaPegaApp.swift */; };
		2F79C1EC2B03F42500C6AD99 /* ContentView.swift in Sources */ = {isa = PBXBuildFile; fileRef = 2F79C1EB2B03F42500C6AD99 /* ContentView.swift */; };
		2F79C1EE2B03F42600C6AD99 /* Assets.xcassets in Resources */ = {isa = PBXBuildFile; fileRef = 2F79C1ED2B03F42600C6AD99 /* Assets.xcassets */; };
		2F79C1F12B03F42600C6AD99 /* Preview Assets.xcassets in Resources */ = {isa = PBXBuildFile; fileRef = 2F79C1F02B03F42600C6AD99 /* Preview Assets.xcassets */; };
		2F79C1F82B03F45F00C6AD99 /* GameScene.swift in Sources */ = {isa = PBXBuildFile; fileRef = 2F79C1F72B03F45F00C6AD99 /* GameScene.swift */; };
		2F79C1FA2B03F4AA00C6AD99 /* MultipeerService.swift in Sources */ = {isa = PBXBuildFile; fileRef = 2F79C1F92B03F4AA00C6AD99 /* MultipeerService.swift */; };
/* End PBXBuildFile section */

/* Begin PBXFileReference section */
		26B1F7B82B04087B007BE3D4 /* PeerDevice.swift */ = {isa = PBXFileReference; lastKnownFileType = sourcecode.swift; path = PeerDevice.swift; sourceTree = "<group>"; };
		26B1F7BA2B04099E007BE3D4 /* HostView.swift */ = {isa = PBXFileReference; lastKnownFileType = sourcecode.swift; path = HostView.swift; sourceTree = "<group>"; };
		2F79C1E62B03F42500C6AD99 /* Multipeer-PegaPega.app */ = {isa = PBXFileReference; explicitFileType = wrapper.application; includeInIndex = 0; path = "Multipeer-PegaPega.app"; sourceTree = BUILT_PRODUCTS_DIR; };
		2F79C1E92B03F42500C6AD99 /* Multipeer_PegaPegaApp.swift */ = {isa = PBXFileReference; lastKnownFileType = sourcecode.swift; path = Multipeer_PegaPegaApp.swift; sourceTree = "<group>"; };
		2F79C1EB2B03F42500C6AD99 /* ContentView.swift */ = {isa = PBXFileReference; lastKnownFileType = sourcecode.swift; path = ContentView.swift; sourceTree = "<group>"; };
		2F79C1ED2B03F42600C6AD99 /* Assets.xcassets */ = {isa = PBXFileReference; lastKnownFileType = folder.assetcatalog; path = Assets.xcassets; sourceTree = "<group>"; };
		2F79C1F02B03F42600C6AD99 /* Preview Assets.xcassets */ = {isa = PBXFileReference; lastKnownFileType = folder.assetcatalog; path = "Preview Assets.xcassets"; sourceTree = "<group>"; };
		2F79C1F72B03F45F00C6AD99 /* GameScene.swift */ = {isa = PBXFileReference; lastKnownFileType = sourcecode.swift; path = GameScene.swift; sourceTree = "<group>"; };
		2F79C1F92B03F4AA00C6AD99 /* MultipeerService.swift */ = {isa = PBXFileReference; lastKnownFileType = sourcecode.swift; path = MultipeerService.swift; sourceTree = "<group>"; };
		2F79C1FB2B03F4E100C6AD99 /* Info.plist */ = {isa = PBXFileReference; lastKnownFileType = text.plist; path = Info.plist; sourceTree = "<group>"; };
/* End PBXFileReference section */

/* Begin PBXFrameworksBuildPhase section */
		2F79C1E32B03F42500C6AD99 /* Frameworks */ = {
			isa = PBXFrameworksBuildPhase;
			buildActionMask = 2147483647;
			files = (
			);
			runOnlyForDeploymentPostprocessing = 0;
		};
/* End PBXFrameworksBuildPhase section */

/* Begin PBXGroup section */
		2F79C1DD2B03F42500C6AD99 = {
			isa = PBXGroup;
			children = (
				2F79C1E82B03F42500C6AD99 /* Multipeer-PegaPega */,
				2F79C1E72B03F42500C6AD99 /* Products */,
			);
			sourceTree = "<group>";
		};
		2F79C1E72B03F42500C6AD99 /* Products */ = {
			isa = PBXGroup;
			children = (
				2F79C1E62B03F42500C6AD99 /* Multipeer-PegaPega.app */,
			);
			name = Products;
			sourceTree = "<group>";
		};
		2F79C1E82B03F42500C6AD99 /* Multipeer-PegaPega */ = {
			isa = PBXGroup;
			children = (
				2F79C1FB2B03F4E100C6AD99 /* Info.plist */,
				2F79C1E92B03F42500C6AD99 /* Multipeer_PegaPegaApp.swift */,
				2F79C1EB2B03F42500C6AD99 /* ContentView.swift */,
				26B1F7BA2B04099E007BE3D4 /* HostView.swift */,
				2F79C1F72B03F45F00C6AD99 /* GameScene.swift */,
				2F79C1F92B03F4AA00C6AD99 /* MultipeerService.swift */,
				26B1F7B82B04087B007BE3D4 /* PeerDevice.swift */,
				2F79C1ED2B03F42600C6AD99 /* Assets.xcassets */,
				2F79C1EF2B03F42600C6AD99 /* Preview Content */,
			);
			path = "Multipeer-PegaPega";
			sourceTree = "<group>";
		};
		2F79C1EF2B03F42600C6AD99 /* Preview Content */ = {
			isa = PBXGroup;
			children = (
				2F79C1F02B03F42600C6AD99 /* Preview Assets.xcassets */,
			);
			path = "Preview Content";
			sourceTree = "<group>";
		};
/* End PBXGroup section */

/* Begin PBXNativeTarget section */
		2F79C1E52B03F42500C6AD99 /* Multipeer-PegaPega */ = {
			isa = PBXNativeTarget;
			buildConfigurationList = 2F79C1F42B03F42600C6AD99 /* Build configuration list for PBXNativeTarget "Multipeer-PegaPega" */;
			buildPhases = (
				2F79C1E22B03F42500C6AD99 /* Sources */,
				2F79C1E32B03F42500C6AD99 /* Frameworks */,
				2F79C1E42B03F42500C6AD99 /* Resources */,
			);
			buildRules = (
			);
			dependencies = (
			);
			name = "Multipeer-PegaPega";
			productName = "Multipeer-PegaPega";
			productReference = 2F79C1E62B03F42500C6AD99 /* Multipeer-PegaPega.app */;
			productType = "com.apple.product-type.application";
		};
/* End PBXNativeTarget section */

/* Begin PBXProject section */
		2F79C1DE2B03F42500C6AD99 /* Project object */ = {
			isa = PBXProject;
			attributes = {
				BuildIndependentTargetsInParallel = 1;
				LastSwiftUpdateCheck = 1500;
				LastUpgradeCheck = 1500;
				TargetAttributes = {
					2F79C1E52B03F42500C6AD99 = {
						CreatedOnToolsVersion = 15.0;
					};
				};
			};
			buildConfigurationList = 2F79C1E12B03F42500C6AD99 /* Build configuration list for PBXProject "Multipeer-PegaPega" */;
			compatibilityVersion = "Xcode 14.0";
			developmentRegion = en;
			hasScannedForEncodings = 0;
			knownRegions = (
				en,
				Base,
			);
			mainGroup = 2F79C1DD2B03F42500C6AD99;
			productRefGroup = 2F79C1E72B03F42500C6AD99 /* Products */;
			projectDirPath = "";
			projectRoot = "";
			targets = (
				2F79C1E52B03F42500C6AD99 /* Multipeer-PegaPega */,
			);
		};
/* End PBXProject section */

/* Begin PBXResourcesBuildPhase section */
		2F79C1E42B03F42500C6AD99 /* Resources */ = {
			isa = PBXResourcesBuildPhase;
			buildActionMask = 2147483647;
			files = (
				2F79C1F12B03F42600C6AD99 /* Preview Assets.xcassets in Resources */,
				2F79C1EE2B03F42600C6AD99 /* Assets.xcassets in Resources */,
			);
			runOnlyForDeploymentPostprocessing = 0;
		};
/* End PBXResourcesBuildPhase section */

/* Begin PBXSourcesBuildPhase section */
		2F79C1E22B03F42500C6AD99 /* Sources */ = {
			isa = PBXSourcesBuildPhase;
			buildActionMask = 2147483647;
			files = (
				2F79C1F82B03F45F00C6AD99 /* GameScene.swift in Sources */,
				2F79C1FA2B03F4AA00C6AD99 /* MultipeerService.swift in Sources */,
				2F79C1EC2B03F42500C6AD99 /* ContentView.swift in Sources */,
				26B1F7B92B04087B007BE3D4 /* PeerDevice.swift in Sources */,
				26B1F7BB2B04099E007BE3D4 /* HostView.swift in Sources */,
				2F79C1EA2B03F42500C6AD99 /* Multipeer_PegaPegaApp.swift in Sources */,
			);
			runOnlyForDeploymentPostprocessing = 0;
		};
/* End PBXSourcesBuildPhase section */

/* Begin XCBuildConfiguration section */
		2F79C1F22B03F42600C6AD99 /* Debug */ = {
			isa = XCBuildConfiguration;
			buildSettings = {
				ALWAYS_SEARCH_USER_PATHS = NO;
				ASSETCATALOG_COMPILER_GENERATE_SWIFT_ASSET_SYMBOL_EXTENSIONS = YES;
				CLANG_ANALYZER_NONNULL = YES;
				CLANG_ANALYZER_NUMBER_OBJECT_CONVERSION = YES_AGGRESSIVE;
				CLANG_CXX_LANGUAGE_STANDARD = "gnu++20";
				CLANG_ENABLE_MODULES = YES;
				CLANG_ENABLE_OBJC_ARC = YES;
				CLANG_ENABLE_OBJC_WEAK = YES;
				CLANG_WARN_BLOCK_CAPTURE_AUTORELEASING = YES;
				CLANG_WARN_BOOL_CONVERSION = YES;
				CLANG_WARN_COMMA = YES;
				CLANG_WARN_CONSTANT_CONVERSION = YES;
				CLANG_WARN_DEPRECATED_OBJC_IMPLEMENTATIONS = YES;
				CLANG_WARN_DIRECT_OBJC_ISA_USAGE = YES_ERROR;
				CLANG_WARN_DOCUMENTATION_COMMENTS = YES;
				CLANG_WARN_EMPTY_BODY = YES;
				CLANG_WARN_ENUM_CONVERSION = YES;
				CLANG_WARN_INFINITE_RECURSION = YES;
				CLANG_WARN_INT_CONVERSION = YES;
				CLANG_WARN_NON_LITERAL_NULL_CONVERSION = YES;
				CLANG_WARN_OBJC_IMPLICIT_RETAIN_SELF = YES;
				CLANG_WARN_OBJC_LITERAL_CONVERSION = YES;
				CLANG_WARN_OBJC_ROOT_CLASS = YES_ERROR;
				CLANG_WARN_QUOTED_INCLUDE_IN_FRAMEWORK_HEADER = YES;
				CLANG_WARN_RANGE_LOOP_ANALYSIS = YES;
				CLANG_WARN_STRICT_PROTOTYPES = YES;
				CLANG_WARN_SUSPICIOUS_MOVE = YES;
				CLANG_WARN_UNGUARDED_AVAILABILITY = YES_AGGRESSIVE;
				CLANG_WARN_UNREACHABLE_CODE = YES;
				CLANG_WARN__DUPLICATE_METHOD_MATCH = YES;
				COPY_PHASE_STRIP = NO;
				DEBUG_INFORMATION_FORMAT = dwarf;
				ENABLE_STRICT_OBJC_MSGSEND = YES;
				ENABLE_TESTABILITY = YES;
				ENABLE_USER_SCRIPT_SANDBOXING = YES;
				GCC_C_LANGUAGE_STANDARD = gnu17;
				GCC_DYNAMIC_NO_PIC = NO;
				GCC_NO_COMMON_BLOCKS = YES;
				GCC_OPTIMIZATION_LEVEL = 0;
				GCC_PREPROCESSOR_DEFINITIONS = (
					"DEBUG=1",
					"$(inherited)",
				);
				GCC_WARN_64_TO_32_BIT_CONVERSION = YES;
				GCC_WARN_ABOUT_RETURN_TYPE = YES_ERROR;
				GCC_WARN_UNDECLARED_SELECTOR = YES;
				GCC_WARN_UNINITIALIZED_AUTOS = YES_AGGRESSIVE;
				GCC_WARN_UNUSED_FUNCTION = YES;
				GCC_WARN_UNUSED_VARIABLE = YES;
				IPHONEOS_DEPLOYMENT_TARGET = 17.0;
				LOCALIZATION_PREFERS_STRING_CATALOGS = YES;
				MTL_ENABLE_DEBUG_INFO = INCLUDE_SOURCE;
				MTL_FAST_MATH = YES;
				ONLY_ACTIVE_ARCH = YES;
				SDKROOT = iphoneos;
				SWIFT_ACTIVE_COMPILATION_CONDITIONS = "DEBUG $(inherited)";
				SWIFT_OPTIMIZATION_LEVEL = "-Onone";
			};
			name = Debug;
		};
		2F79C1F32B03F42600C6AD99 /* Release */ = {
			isa = XCBuildConfiguration;
			buildSettings = {
				ALWAYS_SEARCH_USER_PATHS = NO;
				ASSETCATALOG_COMPILER_GENERATE_SWIFT_ASSET_SYMBOL_EXTENSIONS = YES;
				CLANG_ANALYZER_NONNULL = YES;
				CLANG_ANALYZER_NUMBER_OBJECT_CONVERSION = YES_AGGRESSIVE;
				CLANG_CXX_LANGUAGE_STANDARD = "gnu++20";
				CLANG_ENABLE_MODULES = YES;
				CLANG_ENABLE_OBJC_ARC = YES;
				CLANG_ENABLE_OBJC_WEAK = YES;
				CLANG_WARN_BLOCK_CAPTURE_AUTORELEASING = YES;
				CLANG_WARN_BOOL_CONVERSION = YES;
				CLANG_WARN_COMMA = YES;
				CLANG_WARN_CONSTANT_CONVERSION = YES;
				CLANG_WARN_DEPRECATED_OBJC_IMPLEMENTATIONS = YES;
				CLANG_WARN_DIRECT_OBJC_ISA_USAGE = YES_ERROR;
				CLANG_WARN_DOCUMENTATION_COMMENTS = YES;
				CLANG_WARN_EMPTY_BODY = YES;
				CLANG_WARN_ENUM_CONVERSION = YES;
				CLANG_WARN_INFINITE_RECURSION = YES;
				CLANG_WARN_INT_CONVERSION = YES;
				CLANG_WARN_NON_LITERAL_NULL_CONVERSION = YES;
				CLANG_WARN_OBJC_IMPLICIT_RETAIN_SELF = YES;
				CLANG_WARN_OBJC_LITERAL_CONVERSION = YES;
				CLANG_WARN_OBJC_ROOT_CLASS = YES_ERROR;
				CLANG_WARN_QUOTED_INCLUDE_IN_FRAMEWORK_HEADER = YES;
				CLANG_WARN_RANGE_LOOP_ANALYSIS = YES;
				CLANG_WARN_STRICT_PROTOTYPES = YES;
				CLANG_WARN_SUSPICIOUS_MOVE = YES;
				CLANG_WARN_UNGUARDED_AVAILABILITY = YES_AGGRESSIVE;
				CLANG_WARN_UNREACHABLE_CODE = YES;
				CLANG_WARN__DUPLICATE_METHOD_MATCH = YES;
				COPY_PHASE_STRIP = NO;
				DEBUG_INFORMATION_FORMAT = "dwarf-with-dsym";
				ENABLE_NS_ASSERTIONS = NO;
				ENABLE_STRICT_OBJC_MSGSEND = YES;
				ENABLE_USER_SCRIPT_SANDBOXING = YES;
				GCC_C_LANGUAGE_STANDARD = gnu17;
				GCC_NO_COMMON_BLOCKS = YES;
				GCC_WARN_64_TO_32_BIT_CONVERSION = YES;
				GCC_WARN_ABOUT_RETURN_TYPE = YES_ERROR;
				GCC_WARN_UNDECLARED_SELECTOR = YES;
				GCC_WARN_UNINITIALIZED_AUTOS = YES_AGGRESSIVE;
				GCC_WARN_UNUSED_FUNCTION = YES;
				GCC_WARN_UNUSED_VARIABLE = YES;
				IPHONEOS_DEPLOYMENT_TARGET = 17.0;
				LOCALIZATION_PREFERS_STRING_CATALOGS = YES;
				MTL_ENABLE_DEBUG_INFO = NO;
				MTL_FAST_MATH = YES;
				SDKROOT = iphoneos;
				SWIFT_COMPILATION_MODE = wholemodule;
				VALIDATE_PRODUCT = YES;
			};
			name = Release;
		};
		2F79C1F52B03F42600C6AD99 /* Debug */ = {
			isa = XCBuildConfiguration;
			buildSettings = {
				ASSETCATALOG_COMPILER_APPICON_NAME = AppIcon;
				ASSETCATALOG_COMPILER_GLOBAL_ACCENT_COLOR_NAME = AccentColor;
				CODE_SIGN_STYLE = Automatic;
				CURRENT_PROJECT_VERSION = 1;
				DEVELOPMENT_ASSET_PATHS = "\"Multipeer-PegaPega/Preview Content\"";
				DEVELOPMENT_TEAM = 5GYXF2FP9Y;
				ENABLE_PREVIEWS = YES;
				GENERATE_INFOPLIST_FILE = YES;
				INFOPLIST_FILE = "Multipeer-PegaPega/Info.plist";
				INFOPLIST_KEY_UIApplicationSceneManifest_Generation = YES;
				INFOPLIST_KEY_UIApplicationSupportsIndirectInputEvents = YES;
				INFOPLIST_KEY_UILaunchScreen_Generation = YES;
				INFOPLIST_KEY_UISupportedInterfaceOrientations = "UIInterfaceOrientationLandscapeLeft UIInterfaceOrientationLandscapeRight";
				INFOPLIST_KEY_UISupportedInterfaceOrientations_iPad = "UIInterfaceOrientationLandscapeLeft UIInterfaceOrientationLandscapeRight UIInterfaceOrientationPortrait UIInterfaceOrientationPortraitUpsideDown";
				LD_RUNPATH_SEARCH_PATHS = (
					"$(inherited)",
					"@executable_path/Frameworks",
				);
				MARKETING_VERSION = 1.0;
				PRODUCT_BUNDLE_IDENTIFIER = "thayna.Multipeer-PegaPega";
				PRODUCT_NAME = "$(TARGET_NAME)";
				SWIFT_EMIT_LOC_STRINGS = YES;
				SWIFT_VERSION = 5.0;
				TARGETED_DEVICE_FAMILY = "1,2";
			};
			name = Debug;
		};
		2F79C1F62B03F42600C6AD99 /* Release */ = {
			isa = XCBuildConfiguration;
			buildSettings = {
				ASSETCATALOG_COMPILER_APPICON_NAME = AppIcon;
				ASSETCATALOG_COMPILER_GLOBAL_ACCENT_COLOR_NAME = AccentColor;
				CODE_SIGN_STYLE = Automatic;
				CURRENT_PROJECT_VERSION = 1;
				DEVELOPMENT_ASSET_PATHS = "\"Multipeer-PegaPega/Preview Content\"";
				DEVELOPMENT_TEAM = 5GYXF2FP9Y;
				ENABLE_PREVIEWS = YES;
				GENERATE_INFOPLIST_FILE = YES;
				INFOPLIST_FILE = "Multipeer-PegaPega/Info.plist";
				INFOPLIST_KEY_UIApplicationSceneManifest_Generation = YES;
				INFOPLIST_KEY_UIApplicationSupportsIndirectInputEvents = YES;
				INFOPLIST_KEY_UILaunchScreen_Generation = YES;
				INFOPLIST_KEY_UISupportedInterfaceOrientations = "UIInterfaceOrientationLandscapeLeft UIInterfaceOrientationLandscapeRight";
				INFOPLIST_KEY_UISupportedInterfaceOrientations_iPad = "UIInterfaceOrientationLandscapeLeft UIInterfaceOrientationLandscapeRight UIInterfaceOrientationPortrait UIInterfaceOrientationPortraitUpsideDown";
				LD_RUNPATH_SEARCH_PATHS = (
					"$(inherited)",
					"@executable_path/Frameworks",
				);
				MARKETING_VERSION = 1.0;
				PRODUCT_BUNDLE_IDENTIFIER = "thayna.Multipeer-PegaPega";
				PRODUCT_NAME = "$(TARGET_NAME)";
				SWIFT_EMIT_LOC_STRINGS = YES;
				SWIFT_VERSION = 5.0;
				TARGETED_DEVICE_FAMILY = "1,2";
			};
			name = Release;
		};
/* End XCBuildConfiguration section */

/* Begin XCConfigurationList section */
		2F79C1E12B03F42500C6AD99 /* Build configuration list for PBXProject "Multipeer-PegaPega" */ = {
			isa = XCConfigurationList;
			buildConfigurations = (
				2F79C1F22B03F42600C6AD99 /* Debug */,
				2F79C1F32B03F42600C6AD99 /* Release */,
			);
			defaultConfigurationIsVisible = 0;
			defaultConfigurationName = Release;
		};
		2F79C1F42B03F42600C6AD99 /* Build configuration list for PBXNativeTarget "Multipeer-PegaPega" */ = {
			isa = XCConfigurationList;
			buildConfigurations = (
				2F79C1F52B03F42600C6AD99 /* Debug */,
				2F79C1F62B03F42600C6AD99 /* Release */,
			);
			defaultConfigurationIsVisible = 0;
			defaultConfigurationName = Release;
		};
/* End XCConfigurationList section */
	};
	rootObject = 2F79C1DE2B03F42500C6AD99 /* Project object */;
}
